{
  "object": {
    "pins": [
      {
        "package": "MultipeerKit",
        "repositoryURL": "https://github.com/insidegui/MultipeerKit",
        "state": {
          "branch": null,
          "revision": "3f430bc28e1426ba42cdaa8b19fb4d89ce6d1c3b",
          "version": "0.1.2"
        }
      },
      {
        "package": "swift-composable-architecture",
        "repositoryURL": "https://github.com/stephencelis/swift-composable-architecture",
        "state": {
          "branch": null,
          "revision": "dd300672fbb96495a725729d2b0cac69e2855979",
          "version": null
        }
      }
    ]
  },
  "version": 1
}
